
Microsoft Visual Studio Solution File, Format Version 12.00
# Visual Studio 14
VisualStudioVersion = 14.0.25420.1
MinimumVisualStudioVersion = 10.0.40219.1
Project("{FAE04EC0-301F-11D3-BF4B-00C04F79EFBC}") = "RaceFood", "RaceFood\RaceFood.csproj", "{5C452706-40EC-41BF-ACD9-06C0A455AA02}"
EndProject
Project("{FAE04EC0-301F-11D3-BF4B-00C04F79EFBC}") = "Restuarant", "Restuarant\Restuarant.csproj", "{ACA3FC0A-F0CC-4B0A-A38C-BDA18AF8F929}"
EndProject
Project("{FAE04EC0-301F-11D3-BF4B-00C04F79EFBC}") = "Database1", "Database1\Database1.csproj", "{5B180AA4-E70B-4A0A-B34C-6B887304FCE1}"
EndProject
Project("{FAE04EC0-301F-11D3-BF4B-00C04F79EFBC}") = "RestuarantInterFacing", "RestuarantInterFacing\RestuarantInterFacing.csproj", "{3F4C4753-116A-45DD-8208-140AFB649F9E}"
EndProject
Project("{FAE04EC0-301F-11D3-BF4B-00C04F79EFBC}") = "RestuarantCenter", "RestuarantCenter\RestuarantCenter.csproj", "{CB3605C0-E4E9-44B7-B4C9-8D7C7B8FA72E}"
EndProject
Project("{2150E333-8FDC-42A3-9474-1A3956D46DE8}") = "RestuarantClass", "RestuarantClass", "{4380169E-5839-478E-81E7-51DA3FAF5D01}"
EndProject
Project("{2150E333-8FDC-42A3-9474-1A3956D46DE8}") = "FoodClass", "FoodClass", "{CE7FB83C-A2D7-4BB0-843D-A5D4FE78ECAA}"
EndProject
Project("{FAE04EC0-301F-11D3-BF4B-00C04F79EFBC}") = "FoodCenter", "FoodCenter\FoodCenter.csproj", "{6899A96E-5848-4C49-969F-E0FA49CB3F40}"
EndProject
Project("{FAE04EC0-301F-11D3-BF4B-00C04F79EFBC}") = "FoodInterFacing", "FoodInterFacing\FoodInterFacing.csproj", "{4D8DD923-819F-475E-80DA-79ACAF0DFA4F}"
EndProject
Project("{FAE04EC0-301F-11D3-BF4B-00C04F79EFBC}") = "Food", "Food\Food.csproj", "{EAB36D14-BCC0-4374-BC27-9497F1137088}"
EndProject
Project("{2150E333-8FDC-42A3-9474-1A3956D46DE8}") = "UserClass", "UserClass", "{507372DD-61CC-49B2-A968-7124976780F1}"
EndProject
Project("{FAE04EC0-301F-11D3-BF4B-00C04F79EFBC}") = "UserInterfacing", "UserInterfacing\UserInterfacing.csproj", "{ABAFD6A0-A4C2-460D-8667-58F1AAFE5728}"
EndProject
Project("{FAE04EC0-301F-11D3-BF4B-00C04F79EFBC}") = "UserCenter", "UserCenter\UserCenter.csproj", "{E949B777-D4A0-45D7-B399-DB34CA802CE0}"
EndProject
Project("{FAE04EC0-301F-11D3-BF4B-00C04F79EFBC}") = "Users", "Users\Users.csproj", "{B0360948-6636-44BC-95D1-77F22F2F54E9}"
EndProject
Project("{FAE04EC0-301F-11D3-BF4B-00C04F79EFBC}") = "SearchFoodInterFace", "SearchFoodInterFace\SearchFoodInterFace.csproj", "{CF9933EF-C056-48F6-A53D-68AF1E7A3514}"
EndProject
Project("{FAE04EC0-301F-11D3-BF4B-00C04F79EFBC}") = "SearchFoodCenter", "SearchFoodCenter\SearchFoodCenter.csproj", "{461002C6-5D58-4CF0-880A-2FCDBE71D59A}"
EndProject
Project("{FAE04EC0-301F-11D3-BF4B-00C04F79EFBC}") = "SearchFoods", "SearchFoods\SearchFoods.csproj", "{1E333552-E837-4061-9087-6F8DADC831E8}"
EndProject
Project("{2150E333-8FDC-42A3-9474-1A3956D46DE8}") = "OrderClass", "OrderClass", "{E837D073-9AEA-4CD8-9614-7C26C1D650D6}"
EndProject
Project("{FAE04EC0-301F-11D3-BF4B-00C04F79EFBC}") = "OrderInterface", "OrderInterface\OrderInterface.csproj", "{BD222175-E5C6-4EF1-9848-930EC6F16D2A}"
EndProject
Project("{FAE04EC0-301F-11D3-BF4B-00C04F79EFBC}") = "DeliverOrder", "DeliverOrder\DeliverOrder.csproj", "{E93216D9-A539-44E4-A46E-31FC337A80B0}"
EndProject
Project("{2150E333-8FDC-42A3-9474-1A3956D46DE8}") = "AdminClass", "AdminClass", "{3E730605-380B-4FEF-BB92-9F288CBC11D3}"
EndProject
Project("{FAE04EC0-301F-11D3-BF4B-00C04F79EFBC}") = "AdminsControl", "AdminsControl\AdminsControl.csproj", "{B9ED8463-36A1-464B-996A-A2ADDBDB1D82}"
EndProject
Project("{FAE04EC0-301F-11D3-BF4B-00C04F79EFBC}") = "Admininterfacing", "Admininterfacing\Admininterfacing.csproj", "{71FD887C-92BC-4EED-88A6-A5A28E937602}"
EndProject
Project("{FAE04EC0-301F-11D3-BF4B-00C04F79EFBC}") = "AdninCenter", "AdninCenter\AdninCenter.csproj", "{73BA7D8E-5CF7-41BD-B2B8-E926D7C04EFD}"
EndProject
Project("{FAE04EC0-301F-11D3-BF4B-00C04F79EFBC}") = "DeliveryBoyInterface", "DeliveryBoyInterface\DeliveryBoyInterface.csproj", "{719A39A8-7BD2-462D-B883-38B183BD9974}"
EndProject
Project("{2150E333-8FDC-42A3-9474-1A3956D46DE8}") = "DelivaryBoyClass", "DelivaryBoyClass", "{DB1EAB2D-EA78-4264-BA78-19F4CA31F6BB}"
EndProject
Project("{FAE04EC0-301F-11D3-BF4B-00C04F79EFBC}") = "AllDeliveryBoys", "AllDeliveryBoys\AllDeliveryBoys.csproj", "{41975C44-6ACB-453B-BFED-D7C59BB7B416}"
EndProject
Project("{FAE04EC0-301F-11D3-BF4B-00C04F79EFBC}") = "DeliveryBoycenter", "DeliveryBoycenter\DeliveryBoycenter.csproj", "{D264EC93-D022-49E8-BA83-8B6D2CB65FF8}"
EndProject
Global
	GlobalSection(SolutionConfigurationPlatforms) = preSolution
		Debug|Any CPU = Debug|Any CPU
		Release|Any CPU = Release|Any CPU
	EndGlobalSection
	GlobalSection(ProjectConfigurationPlatforms) = postSolution
		{5C452706-40EC-41BF-ACD9-06C0A455AA02}.Debug|Any CPU.ActiveCfg = Debug|Any CPU
		{5C452706-40EC-41BF-ACD9-06C0A455AA02}.Debug|Any CPU.Build.0 = Debug|Any CPU
		{5C452706-40EC-41BF-ACD9-06C0A455AA02}.Release|Any CPU.ActiveCfg = Release|Any CPU
		{5C452706-40EC-41BF-ACD9-06C0A455AA02}.Release|Any CPU.Build.0 = Release|Any CPU
		{ACA3FC0A-F0CC-4B0A-A38C-BDA18AF8F929}.Debug|Any CPU.ActiveCfg = Debug|Any CPU
		{ACA3FC0A-F0CC-4B0A-A38C-BDA18AF8F929}.Debug|Any CPU.Build.0 = Debug|Any CPU
		{ACA3FC0A-F0CC-4B0A-A38C-BDA18AF8F929}.Release|Any CPU.ActiveCfg = Release|Any CPU
		{ACA3FC0A-F0CC-4B0A-A38C-BDA18AF8F929}.Release|Any CPU.Build.0 = Release|Any CPU
		{5B180AA4-E70B-4A0A-B34C-6B887304FCE1}.Debug|Any CPU.ActiveCfg = Debug|Any CPU
		{5B180AA4-E70B-4A0A-B34C-6B887304FCE1}.Debug|Any CPU.Build.0 = Debug|Any CPU
		{5B180AA4-E70B-4A0A-B34C-6B887304FCE1}.Release|Any CPU.ActiveCfg = Release|Any CPU
		{5B180AA4-E70B-4A0A-B34C-6B887304FCE1}.Release|Any CPU.Build.0 = Release|Any CPU
		{3F4C4753-116A-45DD-8208-140AFB649F9E}.Debug|Any CPU.ActiveCfg = Debug|Any CPU
		{3F4C4753-116A-45DD-8208-140AFB649F9E}.Debug|Any CPU.Build.0 = Debug|Any CPU
		{3F4C4753-116A-45DD-8208-140AFB649F9E}.Release|Any CPU.ActiveCfg = Release|Any CPU
		{3F4C4753-116A-45DD-8208-140AFB649F9E}.Release|Any CPU.Build.0 = Release|Any CPU
		{CB3605C0-E4E9-44B7-B4C9-8D7C7B8FA72E}.Debug|Any CPU.ActiveCfg = Debug|Any CPU
		{CB3605C0-E4E9-44B7-B4C9-8D7C7B8FA72E}.Debug|Any CPU.Build.0 = Debug|Any CPU
		{CB3605C0-E4E9-44B7-B4C9-8D7C7B8FA72E}.Release|Any CPU.ActiveCfg = Release|Any CPU
		{CB3605C0-E4E9-44B7-B4C9-8D7C7B8FA72E}.Release|Any CPU.Build.0 = Release|Any CPU
		{6899A96E-5848-4C49-969F-E0FA49CB3F40}.Debug|Any CPU.ActiveCfg = Debug|Any CPU
		{6899A96E-5848-4C49-969F-E0FA49CB3F40}.Debug|Any CPU.Build.0 = Debug|Any CPU
		{6899A96E-5848-4C49-969F-E0FA49CB3F40}.Release|Any CPU.ActiveCfg = Release|Any CPU
		{6899A96E-5848-4C49-969F-E0FA49CB3F40}.Release|Any CPU.Build.0 = Release|Any CPU
		{4D8DD923-819F-475E-80DA-79ACAF0DFA4F}.Debug|Any CPU.ActiveCfg = Debug|Any CPU
		{4D8DD923-819F-475E-80DA-79ACAF0DFA4F}.Debug|Any CPU.Build.0 = Debug|Any CPU
		{4D8DD923-819F-475E-80DA-79ACAF0DFA4F}.Release|Any CPU.ActiveCfg = Release|Any CPU
		{4D8DD923-819F-475E-80DA-79ACAF0DFA4F}.Release|Any CPU.Build.0 = Release|Any CPU
		{EAB36D14-BCC0-4374-BC27-9497F1137088}.Debug|Any CPU.ActiveCfg = Debug|Any CPU
		{EAB36D14-BCC0-4374-BC27-9497F1137088}.Debug|Any CPU.Build.0 = Debug|Any CPU
		{EAB36D14-BCC0-4374-BC27-9497F1137088}.Release|Any CPU.ActiveCfg = Release|Any CPU
		{EAB36D14-BCC0-4374-BC27-9497F1137088}.Release|Any CPU.Build.0 = Release|Any CPU
		{ABAFD6A0-A4C2-460D-8667-58F1AAFE5728}.Debug|Any CPU.ActiveCfg = Debug|Any CPU
		{ABAFD6A0-A4C2-460D-8667-58F1AAFE5728}.Debug|Any CPU.Build.0 = Debug|Any CPU
		{ABAFD6A0-A4C2-460D-8667-58F1AAFE5728}.Release|Any CPU.ActiveCfg = Release|Any CPU
		{ABAFD6A0-A4C2-460D-8667-58F1AAFE5728}.Release|Any CPU.Build.0 = Release|Any CPU
		{E949B777-D4A0-45D7-B399-DB34CA802CE0}.Debug|Any CPU.ActiveCfg = Debug|Any CPU
		{E949B777-D4A0-45D7-B399-DB34CA802CE0}.Debug|Any CPU.Build.0 = Debug|Any CPU
		{E949B777-D4A0-45D7-B399-DB34CA802CE0}.Release|Any CPU.ActiveCfg = Release|Any CPU
		{E949B777-D4A0-45D7-B399-DB34CA802CE0}.Release|Any CPU.Build.0 = Release|Any CPU
		{B0360948-6636-44BC-95D1-77F22F2F54E9}.Debug|Any CPU.ActiveCfg = Debug|Any CPU
		{B0360948-6636-44BC-95D1-77F22F2F54E9}.Debug|Any CPU.Build.0 = Debug|Any CPU
		{B0360948-6636-44BC-95D1-77F22F2F54E9}.Release|Any CPU.ActiveCfg = Release|Any CPU
		{B0360948-6636-44BC-95D1-77F22F2F54E9}.Release|Any CPU.Build.0 = Release|Any CPU
		{CF9933EF-C056-48F6-A53D-68AF1E7A3514}.Debug|Any CPU.ActiveCfg = Debug|Any CPU
		{CF9933EF-C056-48F6-A53D-68AF1E7A3514}.Debug|Any CPU.Build.0 = Debug|Any CPU
		{CF9933EF-C056-48F6-A53D-68AF1E7A3514}.Release|Any CPU.ActiveCfg = Release|Any CPU
		{CF9933EF-C056-48F6-A53D-68AF1E7A3514}.Release|Any CPU.Build.0 = Release|Any CPU
		{461002C6-5D58-4CF0-880A-2FCDBE71D59A}.Debug|Any CPU.ActiveCfg = Debug|Any CPU
		{461002C6-5D58-4CF0-880A-2FCDBE71D59A}.Debug|Any CPU.Build.0 = Debug|Any CPU
		{461002C6-5D58-4CF0-880A-2FCDBE71D59A}.Release|Any CPU.ActiveCfg = Release|Any CPU
		{461002C6-5D58-4CF0-880A-2FCDBE71D59A}.Release|Any CPU.Build.0 = Release|Any CPU
		{1E333552-E837-4061-9087-6F8DADC831E8}.Debug|Any CPU.ActiveCfg = Debug|Any CPU
		{1E333552-E837-4061-9087-6F8DADC831E8}.Debug|Any CPU.Build.0 = Debug|Any CPU
		{1E333552-E837-4061-9087-6F8DADC831E8}.Release|Any CPU.ActiveCfg = Release|Any CPU
		{1E333552-E837-4061-9087-6F8DADC831E8}.Release|Any CPU.Build.0 = Release|Any CPU
		{BD222175-E5C6-4EF1-9848-930EC6F16D2A}.Debug|Any CPU.ActiveCfg = Debug|Any CPU
		{BD222175-E5C6-4EF1-9848-930EC6F16D2A}.Debug|Any CPU.Build.0 = Debug|Any CPU
		{BD222175-E5C6-4EF1-9848-930EC6F16D2A}.Release|Any CPU.ActiveCfg = Release|Any CPU
		{BD222175-E5C6-4EF1-9848-930EC6F16D2A}.Release|Any CPU.Build.0 = Release|Any CPU
		{E93216D9-A539-44E4-A46E-31FC337A80B0}.Debug|Any CPU.ActiveCfg = Debug|Any CPU
		{E93216D9-A539-44E4-A46E-31FC337A80B0}.Debug|Any CPU.Build.0 = Debug|Any CPU
		{E93216D9-A539-44E4-A46E-31FC337A80B0}.Release|Any CPU.ActiveCfg = Release|Any CPU
		{E93216D9-A539-44E4-A46E-31FC337A80B0}.Release|Any CPU.Build.0 = Release|Any CPU
		{B9ED8463-36A1-464B-996A-A2ADDBDB1D82}.Debug|Any CPU.ActiveCfg = Debug|Any CPU
		{B9ED8463-36A1-464B-996A-A2ADDBDB1D82}.Debug|Any CPU.Build.0 = Debug|Any CPU
		{B9ED8463-36A1-464B-996A-A2ADDBDB1D82}.Release|Any CPU.ActiveCfg = Release|Any CPU
		{B9ED8463-36A1-464B-996A-A2ADDBDB1D82}.Release|Any CPU.Build.0 = Release|Any CPU
		{71FD887C-92BC-4EED-88A6-A5A28E937602}.Debug|Any CPU.ActiveCfg = Debug|Any CPU
		{71FD887C-92BC-4EED-88A6-A5A28E937602}.Debug|Any CPU.Build.0 = Debug|Any CPU
		{71FD887C-92BC-4EED-88A6-A5A28E937602}.Release|Any CPU.ActiveCfg = Release|Any CPU
		{71FD887C-92BC-4EED-88A6-A5A28E937602}.Release|Any CPU.Build.0 = Release|Any CPU
		{73BA7D8E-5CF7-41BD-B2B8-E926D7C04EFD}.Debug|Any CPU.ActiveCfg = Debug|Any CPU
		{73BA7D8E-5CF7-41BD-B2B8-E926D7C04EFD}.Debug|Any CPU.Build.0 = Debug|Any CPU
		{73BA7D8E-5CF7-41BD-B2B8-E926D7C04EFD}.Release|Any CPU.ActiveCfg = Release|Any CPU
		{73BA7D8E-5CF7-41BD-B2B8-E926D7C04EFD}.Release|Any CPU.Build.0 = Release|Any CPU
		{719A39A8-7BD2-462D-B883-38B183BD9974}.Debug|Any CPU.ActiveCfg = Debug|Any CPU
		{719A39A8-7BD2-462D-B883-38B183BD9974}.Debug|Any CPU.Build.0 = Debug|Any CPU
		{719A39A8-7BD2-462D-B883-38B183BD9974}.Release|Any CPU.ActiveCfg = Release|Any CPU
		{719A39A8-7BD2-462D-B883-38B183BD9974}.Release|Any CPU.Build.0 = Release|Any CPU
		{41975C44-6ACB-453B-BFED-D7C59BB7B416}.Debug|Any CPU.ActiveCfg = Debug|Any CPU
		{41975C44-6ACB-453B-BFED-D7C59BB7B416}.Debug|Any CPU.Build.0 = Debug|Any CPU
		{41975C44-6ACB-453B-BFED-D7C59BB7B416}.Release|Any CPU.ActiveCfg = Release|Any CPU
		{41975C44-6ACB-453B-BFED-D7C59BB7B416}.Release|Any CPU.Build.0 = Release|Any CPU
		{D264EC93-D022-49E8-BA83-8B6D2CB65FF8}.Debug|Any CPU.ActiveCfg = Debug|Any CPU
		{D264EC93-D022-49E8-BA83-8B6D2CB65FF8}.Debug|Any CPU.Build.0 = Debug|Any CPU
		{D264EC93-D022-49E8-BA83-8B6D2CB65FF8}.Release|Any CPU.ActiveCfg = Release|Any CPU
		{D264EC93-D022-49E8-BA83-8B6D2CB65FF8}.Release|Any CPU.Build.0 = Release|Any CPU
	EndGlobalSection
	GlobalSection(SolutionProperties) = preSolution
		HideSolutionNode = FALSE
	EndGlobalSection
	GlobalSection(NestedProjects) = preSolution
		{ACA3FC0A-F0CC-4B0A-A38C-BDA18AF8F929} = {4380169E-5839-478E-81E7-51DA3FAF5D01}
		{5B180AA4-E70B-4A0A-B34C-6B887304FCE1} = {4380169E-5839-478E-81E7-51DA3FAF5D01}
		{3F4C4753-116A-45DD-8208-140AFB649F9E} = {4380169E-5839-478E-81E7-51DA3FAF5D01}
		{CB3605C0-E4E9-44B7-B4C9-8D7C7B8FA72E} = {4380169E-5839-478E-81E7-51DA3FAF5D01}
		{6899A96E-5848-4C49-969F-E0FA49CB3F40} = {CE7FB83C-A2D7-4BB0-843D-A5D4FE78ECAA}
		{4D8DD923-819F-475E-80DA-79ACAF0DFA4F} = {CE7FB83C-A2D7-4BB0-843D-A5D4FE78ECAA}
		{EAB36D14-BCC0-4374-BC27-9497F1137088} = {CE7FB83C-A2D7-4BB0-843D-A5D4FE78ECAA}
		{ABAFD6A0-A4C2-460D-8667-58F1AAFE5728} = {507372DD-61CC-49B2-A968-7124976780F1}
		{E949B777-D4A0-45D7-B399-DB34CA802CE0} = {507372DD-61CC-49B2-A968-7124976780F1}
		{B0360948-6636-44BC-95D1-77F22F2F54E9} = {507372DD-61CC-49B2-A968-7124976780F1}
		{CF9933EF-C056-48F6-A53D-68AF1E7A3514} = {E837D073-9AEA-4CD8-9614-7C26C1D650D6}
		{BD222175-E5C6-4EF1-9848-930EC6F16D2A} = {E837D073-9AEA-4CD8-9614-7C26C1D650D6}
		{E93216D9-A539-44E4-A46E-31FC337A80B0} = {E837D073-9AEA-4CD8-9614-7C26C1D650D6}
		{B9ED8463-36A1-464B-996A-A2ADDBDB1D82} = {3E730605-380B-4FEF-BB92-9F288CBC11D3}
		{71FD887C-92BC-4EED-88A6-A5A28E937602} = {3E730605-380B-4FEF-BB92-9F288CBC11D3}
		{73BA7D8E-5CF7-41BD-B2B8-E926D7C04EFD} = {3E730605-380B-4FEF-BB92-9F288CBC11D3}
		{719A39A8-7BD2-462D-B883-38B183BD9974} = {DB1EAB2D-EA78-4264-BA78-19F4CA31F6BB}
		{41975C44-6ACB-453B-BFED-D7C59BB7B416} = {DB1EAB2D-EA78-4264-BA78-19F4CA31F6BB}
		{D264EC93-D022-49E8-BA83-8B6D2CB65FF8} = {DB1EAB2D-EA78-4264-BA78-19F4CA31F6BB}
	EndGlobalSection
EndGlobal
